
Microsoft Visual Studio Solution File, Format Version 12.00
# Visual Studio 15
Project("{FAE04EC0-301F-11D3-BF4B-00C04F79EFBC}") = "Meryel.CodeAssist.Editor", "Meryel.CodeAssist.Editor.csproj", "{7456FDE2-E257-4CAE-E59E-A2C84B386517}"
EndProject
Project("{FAE04EC0-301F-11D3-BF4B-00C04F79EFBC}") = "Assembly-CSharp", "Assembly-CSharp.csproj", "{73DC83E3-31AC-4BFF-B887-BDE31EF006FB}"
EndProject
Global
	GlobalSection(SolutionConfigurationPlatforms) = preSolution
		Debug|Any CPU = Debug|Any CPU
		Release|Any CPU = Release|Any CPU
	EndGlobalSection
	GlobalSection(ProjectConfigurationPlatforms) = postSolution
		{7456FDE2-E257-4CAE-E59E-A2C84B386517}.Debug|Any CPU.ActiveCfg = Debug|Any CPU
		{7456FDE2-E257-4CAE-E59E-A2C84B386517}.Debug|Any CPU.Build.0 = Debug|Any CPU
		{7456FDE2-E257-4CAE-E59E-A2C84B386517}.Release|Any CPU.ActiveCfg = Release|Any CPU
		{7456FDE2-E257-4CAE-E59E-A2C84B386517}.Release|Any CPU.Build.0 = Release|Any CPU
		{73DC83E3-31AC-4BFF-B887-BDE31EF006FB}.Debug|Any CPU.ActiveCfg = Debug|Any CPU
		{73DC83E3-31AC-4BFF-B887-BDE31EF006FB}.Debug|Any CPU.Build.0 = Debug|Any CPU
		{73DC83E3-31AC-4BFF-B887-BDE31EF006FB}.Release|Any CPU.ActiveCfg = Release|Any CPU
		{73DC83E3-31AC-4BFF-B887-BDE31EF006FB}.Release|Any CPU.Build.0 = Release|Any CPU
	EndGlobalSection
	GlobalSection(SolutionProperties) = preSolution
		HideSolutionNode = FALSE
	EndGlobalSection
EndGlobal
